{
  "nodes": {
    "alwaysFocusedInputBox": {
      "inputs": {
        "flake-utils": [
          "flake-utils"
        ],
        "nixpkgs": [
          "nixpkgs"
        ]
      },
      "locked": {
        "lastModified": 1788899155,
        "narHash": "sha256-urNdBTsNXQizKHTcKsxLNX3HKrz8KESelAvplY9nxu8=",
        "owner": "rsa17826",
        "repo": "alwaysFocusedInputBox",
        "rev": "b57ce6f3d051c8b071a1dc0c2e5658d061db6ab1",
        "type": "github"
      },
      "original": {
        "owner": "rsa17826",
        "repo": "alwaysFocusedInputBox",
        "type": "github"
      }
    },
    "ap-slot-tracker": {
      "inputs": {
        "nixpkgs": "nixpkgs"
      },
      "locked": {
        "lastModified": 1790551679,
        "narHash": "sha256-ycR7B+IcwYz/CT+ob/3BMZqN2seMYFjgHZ5JTkBrwe0=",
        "owner": "rsa17826",
        "repo": "ap-slot-tracker",
        "rev": "7595dc919e6d2db1811d54753408f25399529d54",
        "type": "github"
      },
      "original": {
        "owner": "rsa17826",
        "repo": "ap-slot-tracker",
        "type": "github"
      }
    },
    "aquamarine": {
      "inputs": {
        "hyprutils": [
          "hyprland",
          "hyprutils"
        ],
        "hyprwayland-scanner": [
          "hyprland",
          "hyprwayland-scanner"
        ],
        "nixpkgs": [
          "hyprland",
          "nixpkgs"
        ],
        "systems": [
          "hyprland",
          "systems"
        ]
      },
      "locked": {
        "lastModified": 1791041429,
        "narHash": "sha256-Y/Q4JtMo6nHB6XS1LPSfK7Y4AnuNl9jci/5sCps1MRc=",
        "owner": "hyprwm",
        "repo": "aquamarine",
        "rev": "52ea11f06dd492f34b3cc0b39a9c805beecafcff",
        "type": "github"
      },
      "original": {
        "owner": "hyprwm",
        "repo": "aquamarine",
        "type": "github"
      }
    },
    "audio-manager": {
      "inputs": {
        "flake-utils": [
          "flake-utils"
        ],
        "nixpkgs": [
          "nixpkgs"
        ]
      },
      "locked": {
        "lastModified": 1788976836,
        "narHash": "sha256-VLg0OOfdyLGk9tHMB+NPycXVYi/Euk4PGGqsEHNLIZE=",
        "owner": "rsa17826",
        "repo": "audio-manager",
        "rev": "be5c1ffcdb197a57b3869b6093e5cb591d992352",
        "type": "github"
      },
      "original": {
        "owner": "rsa17826",
        "repo": "audio-manager",
        "type": "github"
      }
    },
    "auto-screenshotter": {
      "inputs": {
        "flake-utils": "flake-utils",
        "nixpkgs": [
          "nixpkgs"
        ]
      },
      "locked": {
        "lastModified": 1779637183,
        "narHash": "sha256-TgiiqnjsQhZcQeagS2k4minHyoy50PfK8QSVMLnaUGo=",
        "owner": "rsa17826",
        "repo": "auto-screenshotter",
        "rev": "66a805b147276a06ef5c81180428bca473868fc8",
        "type": "github"
      },
      "original": {
        "owner": "rsa17826",
        "repo": "auto-screenshotter",
        "type": "github"
      }
    },
    "autocorrect": {
      "inputs": {
        "flake-utils": [
          "flake-utils"
        ],
        "nixpkgs": [
          "nixpkgs"
        ]
      },
      "locked": {
        "lastModified": 1790885188,
        "narHash": "sha256-XCZghHxj21cJGNIho2LI76c9mhBNLSr5Jh+OgIyqefQ=",
        "owner": "rsa17826",
        "repo": "autocorrect",
        "rev": "f30539184c706ca692d8eb82df207dedcad1b185",
        "type": "github"
      },
      "original": {
        "owner": "rsa17826",
        "repo": "autocorrect",
        "type": "github"
      }
    },
    "browser-selector": {
      "inputs": {
        "nixpkgs": [
          "nixpkgs"
        ]
      },
      "locked": {
        "lastModified": 1781466159,
        "narHash": "sha256-kVerfubpp7y6/XKDaz55Bi0YyoibN75IOZlCAVtihz8=",
        "owner": "rsa17826",
        "repo": "browserSelector",
        "rev": "ed3d66f6017a123f975299a53eeb60c766bfd101",
        "type": "github"
      },
      "original": {
        "owner": "rsa17826",
        "repo": "browserSelector",
        "type": "github"
      }
    },
    "copyparty": {
      "inputs": {
        "flake-utils": [
          "flake-utils"
        ],
        "nixpkgs": [
          "nixpkgs"
        ]
      },
      "locked": {
        "lastModified": 1791247494,
        "narHash": "sha256-2WLkEy/+OJvNJW1c5VV7BMDQdQmn0i0wlJVFFwxuB0E=",
        "owner": "9001",
        "repo": "copyparty",
        "rev": "1a87dc32187557e2ddacfb1ee424425a601b8588",
        "type": "github"
      },
      "original": {
        "owner": "9001",
        "repo": "copyparty",
        "type": "github"
      }
    },
    "dlman": {
      "inputs": {
        "nixpkgs": [
          "nixpkgs"
        ]
      },
      "locked": {
        "lastModified": 1790295660,
        "narHash": "sha256-0LxTAsTkieMzU4GOD6bOjM8dx+58FzHBkwU5FhOCqug=",
        "owner": "rsa17826",
        "repo": "dlman",
        "rev": "af4c6113b024720041c7517af4b15431061e3958",
        "type": "github"
      },
      "original": {
        "owner": "rsa17826",
        "repo": "dlman",
        "type": "github"
      }
    },
    "ext-4-to-2-formatter": {
      "flake": false,
      "locked": {
        "lastModified": 1788911267,
        "narHash": "sha256-07M0mk+pbQqqpwoa8kKWXGWGxbbFLtSBjrF2IcBWuV4=",
        "owner": "rsa17826",
        "repo": "4-to-2-formatter",
        "rev": "321815f98e43d555ec69b49b509a9529666fcee5",
        "type": "github"
      },
      "original": {
        "owner": "rsa17826",
        "repo": "4-to-2-formatter",
        "type": "github"
      }
    },
    "ext-auto-regex": {
      "flake": false,
      "locked": {
        "lastModified": 1791049311,
        "narHash": "sha256-QdMpcR91108jhyeBPW9+2LgP2kU5oxdL/fO7oYPZVDc=",
        "owner": "rsa17826",
        "repo": "auto-regex-vscode-extension",
        "rev": "78583f6dfa7a921bfff8d4f248079b21a8a1f6c1",
        "type": "github"
      },
      "original": {
        "owner": "rsa17826",
        "repo": "auto-regex-vscode-extension",
        "type": "github"
      }
    },
    "ext-better-end-line-actions": {
      "flake": false,
      "locked": {
        "lastModified": 1788901745,
        "narHash": "sha256-JK/JLSlN0kw9D/yVfdffy5Lktda1t0wQZV7KG6of16g=",
        "owner": "rsa17826",
        "repo": "fixed-line-actions-vscode-extension",
        "rev": "f15972689cd0217336d4d7a171a9129468aba6ea",
        "type": "github"
      },
      "original": {
        "owner": "rsa17826",
        "repo": "fixed-line-actions-vscode-extension",
        "type": "github"
      }
    },
    "ext-macro-syntax-highlighter": {
      "flake": false,
      "locked": {
        "lastModified": 1782996159,
        "narHash": "sha256-5z9ylfVU49LbJ67U9R7IPOU5hdFdsgw/P8DeAZPmsi8=",
        "owner": "rsa17826",
        "repo": "macro-syntax-highlighter",
        "rev": "93d6dcf8aff224d1a6693cc4530d37a670637c2e",
        "type": "github"
      },
      "original": {
        "owner": "rsa17826",
        "repo": "macro-syntax-highlighter",
        "type": "github"
      }
    },
    "ext-multi-formatter": {
      "flake": false,
      "locked": {
        "lastModified": 1775047982,
        "narHash": "sha256-1tGfHUwskxy0PsptlEYOVpRvnm4gy4riAwW52sMW4q0=",
        "owner": "rsa17826",
        "repo": "MultiFormatterVSCode",
        "rev": "bb027dfb8083a20cf6f061ae94f6c2eac30b7b11",
        "type": "github"
      },
      "original": {
        "owner": "rsa17826",
        "repo": "MultiFormatterVSCode",
        "type": "github"
      }
    },
    "ext-owoify-editor": {
      "flake": false,
      "locked": {
        "lastModified": 1788871824,
        "narHash": "sha256-ewxj6oRkqJQZUl9FFirefDMc5Stk9yU1cj58OvzS+9g=",
        "owner": "rsa17826",
        "repo": "vscodeowotest",
        "rev": "e7cd29198d101dcc776a4006291fea8952caae17",
        "type": "github"
      },
      "original": {
        "owner": "rsa17826",
        "repo": "vscodeowotest",
        "type": "github"
      }
    },
    "ext-sds": {
      "flake": false,
      "locked": {
        "lastModified": 1755380432,
        "narHash": "sha256-FlrSoYriFFXo3cBqR9jGMtKp/2X6T2smBkBtjogePBA=",
        "owner": "rsa17826",
        "repo": "sds-vscode-language",
        "rev": "391123c1c13b309a2733ed9d1bae0a077391adcb",
        "type": "github"
      },
      "original": {
        "owner": "rsa17826",
        "repo": "sds-vscode-language",
        "type": "github"
      }
    },
    "ext-simple-auto-formatter": {
      "flake": false,
      "locked": {
        "lastModified": 1788914035,
        "narHash": "sha256-hmI60u7coMDLPA08oQQwI2JQ0Z6QkLiMhxf5R4J0Ixc=",
        "owner": "rsa17826",
        "repo": "simple-auto-formatter",
        "rev": "d80d83b8c5a7c18215935a671ac8421997ad6d87",
        "type": "github"
      },
      "original": {
        "owner": "rsa17826",
        "repo": "simple-auto-formatter",
        "type": "github"
      }
    },
    "ext-textreplace": {
      "flake": false,
      "locked": {
        "lastModified": 1791385380,
        "narHash": "sha256-XSPv7wJp62JqsXY3Njggw4+HVVa2EwtP9jJcrmSw3s8=",
        "owner": "rsa17826",
        "repo": "textreplace-vscode-extension",
        "rev": "0f37ea8edf85df13c3bb93e5d9975883c9f42dde",
        "type": "github"
      },
      "original": {
        "owner": "rsa17826",
        "repo": "textreplace-vscode-extension",
        "type": "github"
      }
    },
    "ext-vscode-math-on-selected-nums": {
      "flake": false,
      "locked": {
        "lastModified": 1784153684,
        "narHash": "sha256-efgaXEUyrG+3U7irtM+s8exnQxjJyXH2fTgoGOan7EU=",
        "owner": "rsa17826",
        "repo": "vscode-ext---math-on-selected-nums",
        "rev": "6e926668e97ceb3ae0d8ad92e3df40942e77f6a7",
        "type": "github"
      },
      "original": {
        "owner": "rsa17826",
        "repo": "vscode-ext---math-on-selected-nums",
        "type": "github"
      }
    },
    "ext-vscode-void-color-theme": {
      "flake": false,
      "locked": {
        "lastModified": 1777479629,
        "narHash": "sha256-2T1J7lR+Brj1gGNNVbXAxMihqMWo032Qvr1ZfVjEzzM=",
        "owner": "rsa17826",
        "repo": "vscode-void-color-theme",
        "rev": "9278aba034776d129b978ad74e3f3df22d3947b6",
        "type": "github"
      },
      "original": {
        "owner": "rsa17826",
        "repo": "vscode-void-color-theme",
        "type": "github"
      }
    },
    "file-sorter": {
      "inputs": {
        "nixpkgs": [
          "nixpkgs"
        ]
      },
      "locked": {
        "lastModified": 1780852431,
        "narHash": "sha256-fIE2fCC14TKvnxsjIJyrPmDDNE14UBQC1EEOnpxHH8g=",
        "owner": "rsa17826",
        "repo": "file-sorter",
        "rev": "26fd049ad2f685f34cd8e40178f4e5e41ede129d",
        "type": "github"
      },
      "original": {
        "owner": "rsa17826",
        "repo": "file-sorter",
        "type": "github"
      }
    },
    "flake-compat": {
      "flake": false,
      "locked": {
        "lastModified": 1767039857,
        "narHash": "sha256-vNpUSpF5Nuw8xvDLj2KCwwksIbjua2LZCqhV1LNRDns=",
        "owner": "NixOS",
        "repo": "flake-compat",
        "rev": "5edf11c44bc78a0d334f6334cdaf7d60d732daab",
        "type": "github"
      },
      "original": {
        "owner": "NixOS",
        "repo": "flake-compat",
        "type": "github"
      }
    },
    "flake-utils": {
      "inputs": {
        "systems": "systems"
      },
      "locked": {
        "lastModified": 1731533236,
        "narHash": "sha256-l0KFg5HjrsfsO/JpG+r7fRrqm12kzFHyUHqHCVpMMbI=",
        "owner": "numtide",
        "repo": "flake-utils",
        "rev": "11707dc2f618dd54ca8739b309ec4fc024de578b",
        "type": "github"
      },
      "original": {
        "owner": "numtide",
        "repo": "flake-utils",
        "type": "github"
      }
    },
    "flake-utils_2": {
      "inputs": {
        "systems": "systems_2"
      },
      "locked": {
        "lastModified": 1731533236,
        "narHash": "sha256-l0KFg5HjrsfsO/JpG+r7fRrqm12kzFHyUHqHCVpMMbI=",
        "owner": "numtide",
        "repo": "flake-utils",
        "rev": "11707dc2f618dd54ca8739b309ec4fc024de578b",
        "type": "github"
      },
      "original": {
        "owner": "numtide",
        "repo": "flake-utils",
        "type": "github"
      }
    },
    "go-autoclicker": {
      "inputs": {
        "flake-utils": [
          "flake-utils"
        ],
        "nixpkgs": [
          "nixpkgs"
        ]
      },
      "locked": {
        "lastModified": 1779302064,
        "narHash": "sha256-aG3MKO2PPbeEiPwFWbeM0qNa1KIECN77Ix6pajxkkMU=",
        "owner": "rsa17826",
        "repo": "go-autoclicker",
        "rev": "fef425123295dd29928aba8504f837cc1610b38c",
        "type": "github"
      },
      "original": {
        "owner": "rsa17826",
        "repo": "go-autoclicker",
        "type": "github"
      }
    },
    "gowoify": {
      "inputs": {
        "flake-utils": [
          "flake-utils"
        ],
        "nixpkgs": [
          "nixpkgs"
        ]
      },
      "locked": {
        "lastModified": 1783440064,
        "narHash": "sha256-RoLW4gTuLRqjdkfBJCM2YA+vTsY03yH1mREg+/Enhcw=",
        "owner": "rsa17826",
        "repo": "gowoify",
        "rev": "f67f6269a20f5cc0dc015f3f15d5a307f03c7906",
        "type": "github"
      },
      "original": {
        "owner": "rsa17826",
        "repo": "gowoify",
        "type": "github"
      }
    },
    "helium-flake": {
      "inputs": {
        "nixpkgs": [
          "nixpkgs"
        ]
      },
      "locked": {
        "lastModified": 1791121350,
        "narHash": "sha256-vYGn78EPCbb01BkzyV/9HA/ll0YgOsG+sQa3RpJ5mhU=",
        "owner": "oxcl",
        "repo": "nix-flake-helium-browser",
        "rev": "730e14328f617876510a4ec0724a4a34560fe4ae",
        "type": "github"
      },
      "original": {
        "owner": "oxcl",
        "repo": "nix-flake-helium-browser",
        "type": "github"
      }
    },
    "home-manager": {
      "inputs": {
        "nixpkgs": [
          "nixpkgs"
        ]
      },
      "locked": {
        "lastModified": 1791306979,
        "narHash": "sha256-KuLePuhwJM9NLt/gTLHzXaOoSZKGoB3m7NfXjiQ98HY=",
        "owner": "nix-community",
        "repo": "home-manager",
        "rev": "fae6e9e42c3b762ab47635cddcfaf6f52374a61b",
        "type": "github"
      },
      "original": {
        "owner": "nix-community",
        "repo": "home-manager",
        "type": "github"
      }
    },
    "hyprcursor": {
      "inputs": {
        "hyprlang": [
          "hyprland",
          "hyprlang"
        ],
        "nixpkgs": [
          "hyprland",
          "nixpkgs"
        ],
        "systems": [
          "hyprland",
          "systems"
        ]
      },
      "locked": {
        "lastModified": 1786464181,
        "narHash": "sha256-2alOMkLjXANh7unkZnYnCF2K2rApZaOLMoQ3o+VX2CY=",
        "owner": "hyprwm",
        "repo": "hyprcursor",
        "rev": "e4ed7c08123df5af460a0a70961380cbfb872f76",
        "type": "github"
      },
      "original": {
        "owner": "hyprwm",
        "repo": "hyprcursor",
        "type": "github"
      }
    },
    "hyprgraphics": {
      "inputs": {
        "hyprutils": [
          "hyprland",
          "hyprutils"
        ],
        "nixpkgs": [
          "hyprland",
          "nixpkgs"
        ],
        "systems": [
          "hyprland",
          "systems"
        ]
      },
      "locked": {
        "lastModified": 1791066858,
        "narHash": "sha256-hLh6ALHrGpgYm8viWCo1pO+ErC22YDGdAvVPcfYsXA8=",
        "owner": "hyprwm",
        "repo": "hyprgraphics",
        "rev": "80c7d00f2236732853e390019ff8d79d17fa3612",
        "type": "github"
      },
      "original": {
        "owner": "hyprwm",
        "repo": "hyprgraphics",
        "type": "github"
      }
    },
    "hyprgraphics_2": {
      "inputs": {
        "hyprutils": [
          "hyprland",
          "xdph",
          "hyprutils"
        ],
        "nixpkgs": [
          "hyprland",
          "xdph",
          "nixpkgs"
        ],
        "systems": [
          "hyprland",
          "xdph",
          "systems"
        ]
      },
      "locked": {
        "lastModified": 1786464367,
        "narHash": "sha256-k58p4wbzIXWyRWrW84pP8tD+iaZSSYiiM+fr0Auk4oU=",
        "owner": "hyprwm",
        "repo": "hyprgraphics",
        "rev": "7c895c44e3ca6d28ed68ddd80ec02b02b925e7fc",
        "type": "github"
      },
      "original": {
        "owner": "hyprwm",
        "repo": "hyprgraphics",
        "type": "github"
      }
    },
    "hyprland": {
      "inputs": {
        "aquamarine": "aquamarine",
        "hyprcursor": "hyprcursor",
        "hyprgraphics": "hyprgraphics",
        "hyprland-guiutils": "hyprland-guiutils",
        "hyprland-protocols": "hyprland-protocols",
        "hyprlang": "hyprlang",
        "hyprtoolkit": "hyprtoolkit",
        "hyprutils": "hyprutils",
        "hyprwayland-scanner": "hyprwayland-scanner",
        "hyprwire": "hyprwire",
        "nixpkgs": "nixpkgs_2",
        "pre-commit-hooks": "pre-commit-hooks",
        "systems": "systems_3",
        "xdph": "xdph"
      },
      "locked": {
        "lastModified": 1791292844,
        "narHash": "sha256-zD7XTuKKvko7gt6chqY3KrjgpLUUNGegn7MKPm6h48k=",
        "owner": "hyprwm",
        "repo": "Hyprland",
        "rev": "5a78b5e927345860a27e2893bf894f97ee620c48",
        "type": "github"
      },
      "original": {
        "owner": "hyprwm",
        "repo": "Hyprland",
        "type": "github"
      }
    },
    "hyprland-guiutils": {
      "inputs": {
        "aquamarine": [
          "hyprland",
          "aquamarine"
        ],
        "hyprgraphics": [
          "hyprland",
          "hyprgraphics"
        ],
        "hyprlang": [
          "hyprland",
          "hyprlang"
        ],
        "hyprtoolkit": [
          "hyprland",
          "hyprtoolkit"
        ],
        "hyprutils": [
          "hyprland",
          "hyprutils"
        ],
        "hyprwayland-scanner": [
          "hyprland",
          "hyprwayland-scanner"
        ],
        "nixpkgs": [
          "hyprland",
          "nixpkgs"
        ],
        "systems": [
          "hyprland",
          "systems"
        ]
      },
      "locked": {
        "lastModified": 1786464504,
        "narHash": "sha256-7sHwM86KILQyHDHDuE2SDBlQ2jvZ0EW3hY7sW009/cg=",
        "owner": "hyprwm",
        "repo": "hyprland-guiutils",
        "rev": "4c30cf3097ea963c0e250749ee0c59f8b08816d6",
        "type": "github"
      },
      "original": {
        "owner": "hyprwm",
        "repo": "hyprland-guiutils",
        "type": "github"
      }
    },
    "hyprland-protocols": {
      "inputs": {
        "nixpkgs": [
          "hyprland",
          "nixpkgs"
        ],
        "systems": [
          "hyprland",
          "systems"
        ]
      },
      "locked": {
        "lastModified": 1789475883,
        "narHash": "sha256-YRFLrPESYitsDYqQKquOFg8OWNI7tHKwPnTrTZWXxWY=",
        "owner": "hyprwm",
        "repo": "hyprland-protocols",
        "rev": "cc9a8fd253bdc00f48a967ecf4828211ef08751f",
        "type": "github"
      },
      "original": {
        "owner": "hyprwm",
        "repo": "hyprland-protocols",
        "type": "github"
      }
    },
    "hyprlang": {
      "inputs": {
        "hyprutils": [
          "hyprland",
          "hyprutils"
        ],
        "nixpkgs": [
          "hyprland",
          "nixpkgs"
        ],
        "systems": [
          "hyprland",
          "systems"
        ]
      },
      "locked": {
        "lastModified": 1786464129,
        "narHash": "sha256-339AkTlpMYSIvFuG0rnR+8Yg4/AZKeJalshJavlnKfg=",
        "owner": "hyprwm",
        "repo": "hyprlang",
        "rev": "9508458be316a0d70d37ebed1ab725ccd10411ff",
        "type": "github"
      },
      "original": {
        "owner": "hyprwm",
        "repo": "hyprlang",
        "type": "github"
      }
    },
    "hyprtoolkit": {
      "inputs": {
        "aquamarine": [
          "hyprland",
          "aquamarine"
        ],
        "hyprgraphics": [
          "hyprland",
          "hyprgraphics"
        ],
        "hyprlang": [
          "hyprland",
          "hyprlang"
        ],
        "hyprutils": [
          "hyprland",
          "hyprutils"
        ],
        "hyprwayland-scanner": [
          "hyprland",
          "hyprwayland-scanner"
        ],
        "nixpkgs": [
          "hyprland",
          "nixpkgs"
        ],
        "systems": [
          "hyprland",
          "systems"
        ]
      },
      "locked": {
        "lastModified": 1789562890,
        "narHash": "sha256-LFzeVJkDMQLjCpi55S9oc3N/wMrW2RCS1ShPL+1HB78=",
        "owner": "hyprwm",
        "repo": "hyprtoolkit",
        "rev": "b3f2d0e725e4eaf804af7e529cb69bbed43d1a04",
        "type": "github"
      },
      "original": {
        "owner": "hyprwm",
        "repo": "hyprtoolkit",
        "type": "github"
      }
    },
    "hyprutils": {
      "inputs": {
        "nixpkgs": [
          "hyprland",
          "nixpkgs"
        ],
        "systems": [
          "hyprland",
          "systems"
        ]
      },
      "locked": {
        "lastModified": 1789968180,
        "narHash": "sha256-YGRfhw+fJW7oKW3IspoceD34jeokN1KXNxKU6APlFH4=",
        "owner": "hyprwm",
        "repo": "hyprutils",
        "rev": "95983ee836ff205e615bba67d1f67098e1231941",
        "type": "github"
      },
      "original": {
        "owner": "hyprwm",
        "repo": "hyprutils",
        "type": "github"
      }
    },
    "hyprwayland-scanner": {
      "inputs": {
        "nixpkgs": [
          "hyprland",
          "nixpkgs"
        ],
        "systems": [
          "hyprland",
          "systems"
        ]
      },
      "locked": {
        "lastModified": 1786464033,
        "narHash": "sha256-QM8Qe4/L8lpdVN4bgwahmi+jyyc4fisseDMe4afcDxA=",
        "owner": "hyprwm",
        "repo": "hyprwayland-scanner",
        "rev": "62e62c1ca23da17612c6890d4ad2064f575643db",
        "type": "github"
      },
      "original": {
        "owner": "hyprwm",
        "repo": "hyprwayland-scanner",
        "type": "github"
      }
    },
    "hyprwire": {
      "inputs": {
        "hyprutils": [
          "hyprland",
          "hyprutils"
        ],
        "nixpkgs": [
          "hyprland",
          "nixpkgs"
        ],
        "systems": [
          "hyprland",
          "systems"
        ]
      },
      "locked": {
        "lastModified": 1786464294,
        "narHash": "sha256-ZQsZ2WvBdkboCIyh8LStDPdAIARmxzn0XMNxxoOhjPE=",
        "owner": "hyprwm",
        "repo": "hyprwire",
        "rev": "4ce7cd6b6128c1ac41caf23c58a30a26b327f9dd",
        "type": "github"
      },
      "original": {
        "owner": "hyprwm",
        "repo": "hyprwire",
        "type": "github"
      }
    },
    "input-display": {
      "inputs": {
        "flake-utils": [
          "flake-utils"
        ],
        "nixpkgs": [
          "nixpkgs"
        ]
      },
      "locked": {
        "lastModified": 1788899134,
        "narHash": "sha256-a6ZLXJ04+ihLIf7Qv6fKyNZOeEEgX1kC9y3Y5+/BaY8=",
        "owner": "rsa17826",
        "repo": "input-display",
        "rev": "b24c5690fba56cb0adba85257a0ae2e41ef131ca",
        "type": "github"
      },
      "original": {
        "owner": "rsa17826",
        "repo": "input-display",
        "type": "github"
      }
    },
    "input-manager": {
      "inputs": {
        "flake-utils": [
          "flake-utils"
        ],
        "nixpkgs": [
          "nixpkgs"
        ]
      },
      "locked": {
        "lastModified": 1790882912,
        "narHash": "sha256-26Rxz/v/xAmq9Ho0W41zUFN9Z4q6KiDztAHDxtUAL2I=",
        "owner": "rsa17826",
        "repo": "input-manager",
        "rev": "78b754c3d494ce9b5ba220c649943c8ffa982e49",
        "type": "github"
      },
      "original": {
        "owner": "rsa17826",
        "repo": "input-manager",
        "type": "github"
      }
    },
    "jsdocGen-vsc-ext": {
      "flake": false,
      "locked": {
        "lastModified": 1785265921,
        "narHash": "sha256-mWZVm2H8FOvZyxJG3aEULUe/fkn+1e1n20l9vXAoXjI=",
        "owner": "rsa17826",
        "repo": "jsdocGen-vsc-ext",
        "rev": "63013467722cc8cf7d275a6d82dd3b581cda82ea",
        "type": "github"
      },
      "original": {
        "owner": "rsa17826",
        "repo": "jsdocGen-vsc-ext",
        "type": "github"
      }
    },
    "key-modifier": {
      "inputs": {
        "flake-utils": [
          "flake-utils"
        ],
        "nixpkgs": [
          "nixpkgs"
        ]
      },
      "locked": {
        "lastModified": 1790885309,
        "narHash": "sha256-m78/x95BQlADBN6zeP2HokzIZH9ij4aLCTXZCB9p7iM=",
        "owner": "rsa17826",
        "repo": "key-modifier",
        "rev": "129e2bc3e6cc264e03642410ca3fe9e4759270e1",
        "type": "github"
      },
      "original": {
        "owner": "rsa17826",
        "repo": "key-modifier",
        "type": "github"
      }
    },
    "line-sorter-vsc-ext": {
      "flake": false,
      "locked": {
        "lastModified": 1785086507,
        "narHash": "sha256-9QGkh4RxGKzOcPmStUlCgDIrSqHa6u0mj+2Q+TE91+s=",
        "owner": "rsa17826",
        "repo": "line-sorter-vsc-ext",
        "rev": "8123042d2794cafe85a03965f090eea6fa8f3f27",
        "type": "github"
      },
      "original": {
        "owner": "rsa17826",
        "repo": "line-sorter-vsc-ext",
        "type": "github"
      }
    },
    "macro-recorder": {
      "inputs": {
        "flake-utils": [
          "flake-utils"
        ],
        "nixpkgs": [
          "nixpkgs"
        ]
      },
      "locked": {
        "lastModified": 1790883019,
        "narHash": "sha256-J1iFImxJ9WnCx3B9b3vW+Jfr5WA12dOW4D76oT9ryNw=",
        "owner": "rsa17826",
        "repo": "macro-recorder",
        "rev": "f0a3ddb3139817651bafad15da280d9456a42636",
        "type": "github"
      },
      "original": {
        "owner": "rsa17826",
        "repo": "macro-recorder",
        "type": "github"
      }
    },
    "millennium": {
      "inputs": {
        "millennium-src": "millennium-src",
        "nixpkgs": "nixpkgs_3"
      },
      "locked": {
        "dir": "packages/nix",
        "lastModified": 1783651774,
        "narHash": "sha256-PuCRfdYK2RG6CAYbnjbF6ElkULdqw0G+bhKWeQsJTUw=",
        "owner": "SteamClientHomebrew",
        "repo": "Millennium",
        "rev": "6d6df68fb43e11a73c0a8d0fd1566e4f81f873d1",
        "type": "github"
      },
      "original": {
        "dir": "packages/nix",
        "owner": "SteamClientHomebrew",
        "ref": "next",
        "repo": "Millennium",
        "type": "github"
      }
    },
    "millennium-src": {
      "flake": false,
      "locked": {
        "lastModified": 1783612754,
        "narHash": "sha256-97yND/JauDYEdYEHzuwkUeOUwfd+BCzHpKTmibkQZgw=",
        "owner": "SteamClientHomebrew",
        "repo": "Millennium",
        "rev": "78f1f71a63f18142289926ca435071500ac1cbad",
        "type": "github"
      },
      "original": {
        "owner": "SteamClientHomebrew",
        "repo": "Millennium",
        "rev": "78f1f71a63f18142289926ca435071500ac1cbad",
        "type": "github"
      }
    },
    "multi-game-launcher": {
      "inputs": {
        "flake-utils": [
          "flake-utils"
        ],
        "nixpkgs": [
          "nixpkgs"
        ]
      },
      "locked": {
        "lastModified": 1779139056,
        "narHash": "sha256-VptLjzrqcNfOB+0cFgoSAc20HIurqmu4oFD2fZyX31k=",
        "owner": "rsa17826",
        "repo": "multi-game-launcher",
        "rev": "928eab06ee1360e54a7179ee6d74864ebd692c69",
        "type": "github"
      },
      "original": {
        "owner": "rsa17826",
        "repo": "multi-game-launcher",
        "type": "github"
      }
    },
    "nix-index-database": {
      "inputs": {
        "nixpkgs": [
          "nixpkgs"
        ]
      },
      "locked": {
        "lastModified": 1791105314,
        "narHash": "sha256-oTM7QFgRQ+vxBpMBMc7hEYpqBtpXAzXu2xuB/tru84U=",
        "owner": "nix-community",
        "repo": "nix-index-database",
        "rev": "e740bc4e9d8918d7819a51486d5099930c65c72e",
        "type": "github"
      },
      "original": {
        "owner": "nix-community",
        "repo": "nix-index-database",
        "type": "github"
      }
    },
    "nixpkgs": {
      "locked": {
        "lastModified": 1780145889,
        "narHash": "sha256-md0zn0RnwNvPyASas1yG5YUuwQ4ALA6ucL50l0DvqCo=",
        "owner": "NixOS",
        "repo": "nixpkgs",
        "rev": "8c50a710ddca43d7a530fb805ad55bde8d0141c5",
        "type": "github"
      },
      "original": {
        "owner": "NixOS",
        "ref": "26.05",
        "repo": "nixpkgs",
        "type": "github"
      }
    },
    "nixpkgs_2": {
      "locked": {
        "lastModified": 1791048980,
        "narHash": "sha256-KgItSKML8Xvte0B7/uGnBDsYzSnnKHcOaiUbgWBXLXw=",
        "owner": "NixOS",
        "repo": "nixpkgs",
        "rev": "a7868a727837f3c09cee2ce0ca671c76b1589fed",
        "type": "github"
      },
      "original": {
        "owner": "NixOS",
        "ref": "nixos-unstable",
        "repo": "nixpkgs",
        "type": "github"
      }
    },
    "nixpkgs_3": {
      "locked": {
        "lastModified": 1781577229,
        "narHash": "sha256-lrp67w8AulE9Ks53n27I45ADSzbOCn4H+CNW1Ck8B+8=",
        "owner": "nixos",
        "repo": "nixpkgs",
        "rev": "567a49d1913ce81ac6e9582e3553dd90a955875f",
        "type": "github"
      },
      "original": {
        "owner": "nixos",
        "repo": "nixpkgs",
        "rev": "567a49d1913ce81ac6e9582e3553dd90a955875f",
        "type": "github"
      }
    },
    "nixpkgs_4": {
      "locked": {
        "lastModified": 1791260994,
        "narHash": "sha256-MFBjw66d4h06MvpW6lIl7RwarLteD0sk859CncGwb1Q=",
        "rev": "151fa4e8ddfdd8dd25d945ad94ed54a13de9f6e4",
        "type": "tarball",
        "url": "https://releases.nixos.org/nixos/unstable/nixos-26.11pre1086391.151fa4e8ddfd/nixexprs.tar.zst"
      },
      "original": {
        "type": "tarball",
        "url": "https://channels.nixos.org/nixos-unstable/nixexprs.tar.zst"
      }
    },
    "perkins": {
      "flake": false,
      "locked": {
        "lastModified": 1790199752,
        "narHash": "sha256-bjcv7YAo2AOSGmxGGvnvZ1q24UeQY8Mk5MEsIDvi2m0=",
        "owner": "Mr-Robot-err-404",
        "repo": "perkins",
        "rev": "91b1fc1881a90a146fa3ca3ee922e3b43b8005cd",
        "type": "github"
      },
      "original": {
        "owner": "Mr-Robot-err-404",
        "repo": "perkins",
        "type": "github"
      }
    },
    "pre-commit-hooks": {
      "inputs": {
        "flake-compat": "flake-compat",
        "nixpkgs": [
          "hyprland",
          "nixpkgs"
        ]
      },
      "locked": {
        "lastModified": 1790500375,
        "narHash": "sha256-XN3sDtn8TU9hAc9xqZ+SqRB/HHm2wjxM6aSWYLJU+oo=",
        "owner": "cachix",
        "repo": "git-hooks.nix",
        "rev": "a0e4241b51206fbcbf52fd322eb5f0cd80f153c4",
        "type": "github"
      },
      "original": {
        "owner": "cachix",
        "repo": "git-hooks.nix",
        "type": "github"
      }
    },
    "pybrace": {
      "flake": false,
      "locked": {
        "lastModified": 1791202733,
        "narHash": "sha256-MsF4PaB+WfixV2PSu7C52GoIufmtlSeg3tQDPzy9dhg=",
        "owner": "rsa17826",
        "repo": "pybrace",
        "rev": "c9184572ece9302abde7b1e7751415a8ba56a3bf",
        "type": "github"
      },
      "original": {
        "owner": "rsa17826",
        "repo": "pybrace",
        "type": "github"
      }
    },
    "quickshell": {
      "inputs": {
        "nixpkgs": [
          "nixpkgs"
        ]
      },
      "locked": {
        "lastModified": 1791260458,
        "narHash": "sha256-ar6lvXon8TcQ7S0xZPS3zPmfB43vhZnDl1rK86r7koI=",
        "ref": "refs/heads/master",
        "rev": "11ca60be22b063478ed9586ca1d7f92f0f261caf",
        "revCount": 867,
        "type": "git",
        "url": "https://git.outfoxxed.me/outfoxxed/quickshell"
      },
      "original": {
        "type": "git",
        "url": "https://git.outfoxxed.me/outfoxxed/quickshell"
      }
    },
    "rofi-blocks-main": {
      "flake": false,
      "locked": {
        "lastModified": 1790805998,
        "narHash": "sha256-CZ2RjNPW9XPsraWXEAqikOl7uiB+DZWDjb14NJc70vY=",
        "owner": "OmarCastro",
        "repo": "rofi-blocks",
        "rev": "798104651b6529b1ded5bec15ba6aad3b54bdbac",
        "type": "github"
      },
      "original": {
        "owner": "OmarCastro",
        "repo": "rofi-blocks",
        "type": "github"
      }
    },
    "root": {
      "inputs": {
        "alwaysFocusedInputBox": "alwaysFocusedInputBox",
        "ap-slot-tracker": "ap-slot-tracker",
        "audio-manager": "audio-manager",
        "auto-screenshotter": "auto-screenshotter",
        "autocorrect": "autocorrect",
        "browser-selector": "browser-selector",
        "copyparty": "copyparty",
        "dlman": "dlman",
        "ext-4-to-2-formatter": "ext-4-to-2-formatter",
        "ext-auto-regex": "ext-auto-regex",
        "ext-better-end-line-actions": "ext-better-end-line-actions",
        "ext-macro-syntax-highlighter": "ext-macro-syntax-highlighter",
        "ext-multi-formatter": "ext-multi-formatter",
        "ext-owoify-editor": "ext-owoify-editor",
        "ext-sds": "ext-sds",
        "ext-simple-auto-formatter": "ext-simple-auto-formatter",
        "ext-textreplace": "ext-textreplace",
        "ext-vscode-math-on-selected-nums": "ext-vscode-math-on-selected-nums",
        "ext-vscode-void-color-theme": "ext-vscode-void-color-theme",
        "file-sorter": "file-sorter",
        "flake-utils": "flake-utils_2",
        "go-autoclicker": "go-autoclicker",
        "gowoify": "gowoify",
        "helium-flake": "helium-flake",
        "home-manager": "home-manager",
        "hyprland": "hyprland",
        "input-display": "input-display",
        "input-manager": "input-manager",
        "jsdocGen-vsc-ext": "jsdocGen-vsc-ext",
        "key-modifier": "key-modifier",
        "line-sorter-vsc-ext": "line-sorter-vsc-ext",
        "macro-recorder": "macro-recorder",
        "millennium": "millennium",
        "multi-game-launcher": "multi-game-launcher",
        "nix-index-database": "nix-index-database",
        "nixpkgs": "nixpkgs_4",
        "perkins": "perkins",
        "pybrace": "pybrace",
        "quickshell": "quickshell",
        "rofi-blocks-main": "rofi-blocks-main",
        "sops-nix": "sops-nix",
        "termbar": "termbar",
        "vsctextgen": "vsctextgen",
        "wayland-keepass-autotype": "wayland-keepass-autotype"
      }
    },
    "sops-nix": {
      "inputs": {
        "nixpkgs": [
          "nixpkgs"
        ]
      },
      "locked": {
        "lastModified": 1791103873,
        "narHash": "sha256-nFxM+pKoZ8LJAEnUXARyCaOAloWgaW9kZQOSjWzKcTE=",
        "owner": "Mic92",
        "repo": "sops-nix",
        "rev": "dcd241ba97088c22569d1573286e1b9daad340c0",
        "type": "github"
      },
      "original": {
        "owner": "Mic92",
        "repo": "sops-nix",
        "type": "github"
      }
    },
    "systems": {
      "locked": {
        "lastModified": 1681028828,
        "narHash": "sha256-Vy1rq5AaRuLzOxct8nz4T6wlgyUR7zLU309k9mBC768=",
        "owner": "nix-systems",
        "repo": "default",
        "rev": "da67096a3b9bf56a91d16901293e51ba5b49a27e",
        "type": "github"
      },
      "original": {
        "owner": "nix-systems",
        "repo": "default",
        "type": "github"
      }
    },
    "systems_2": {
      "locked": {
        "lastModified": 1681028828,
        "narHash": "sha256-Vy1rq5AaRuLzOxct8nz4T6wlgyUR7zLU309k9mBC768=",
        "owner": "nix-systems",
        "repo": "default",
        "rev": "da67096a3b9bf56a91d16901293e51ba5b49a27e",
        "type": "github"
      },
      "original": {
        "owner": "nix-systems",
        "repo": "default",
        "type": "github"
      }
    },
    "systems_3": {
      "locked": {
        "lastModified": 1689347949,
        "narHash": "sha256-12tWmuL2zgBgZkdoB6qXZsgJEH9LR3oUgpaQq2RbI80=",
        "owner": "nix-systems",
        "repo": "default-linux",
        "rev": "31732fcf5e8fea42e59c2488ad31a0e651500f68",
        "type": "github"
      },
      "original": {
        "owner": "nix-systems",
        "repo": "default-linux",
        "type": "github"
      }
    },
    "termbar": {
      "inputs": {
        "flake-utils": [
          "flake-utils"
        ],
        "nixpkgs": [
          "nixpkgs"
        ]
      },
      "locked": {
        "lastModified": 1782911478,
        "narHash": "sha256-O7fWB+mGkP75TJ7sv8RIg7sME9grfq66uLVg6OgAbZg=",
        "owner": "rsa17826",
        "repo": "termbar",
        "rev": "a0b872861b062cc7f685303e25847e2263d8d512",
        "type": "github"
      },
      "original": {
        "owner": "rsa17826",
        "repo": "termbar",
        "type": "github"
      }
    },
    "vsctextgen": {
      "flake": false,
      "locked": {
        "lastModified": 1787341933,
        "narHash": "sha256-DB/oXjxF/m0bq9WtIFYGBj8ojx8srybF3bsjQGw2HWg=",
        "owner": "rsa17826",
        "repo": "vsctextgen",
        "rev": "2aea84bb40626b389d8f6a0f6dfa8bf4f9bc549c",
        "type": "github"
      },
      "original": {
        "owner": "rsa17826",
        "repo": "vsctextgen",
        "type": "github"
      }
    },
    "wayland-keepass-autotype": {
      "inputs": {
        "flake-utils": [
          "flake-utils"
        ],
        "nixpkgs": [
          "nixpkgs"
        ]
      },
      "locked": {
        "lastModified": 1787228591,
        "narHash": "sha256-2SaqfmTNIMt4vhiIb0eTQnvyC8oFz2/awXblmh2nyV8=",
        "owner": "rsa17826",
        "repo": "wayland-keepass-autotype",
        "rev": "0e7732949963cd8767dd2212fa57670eb0da1bc1",
        "type": "github"
      },
      "original": {
        "owner": "rsa17826",
        "repo": "wayland-keepass-autotype",
        "type": "github"
      }
    },
    "xdph": {
      "inputs": {
        "aquamarine": [
          "hyprland",
          "aquamarine"
        ],
        "hyprgraphics": "hyprgraphics_2",
        "hyprland-protocols": [
          "hyprland",
          "hyprland-protocols"
        ],
        "hyprlang": [
          "hyprland",
          "hyprlang"
        ],
        "hyprtoolkit": [
          "hyprland",
          "hyprtoolkit"
        ],
        "hyprutils": [
          "hyprland",
          "hyprutils"
        ],
        "hyprwayland-scanner": [
          "hyprland",
          "hyprwayland-scanner"
        ],
        "nixpkgs": [
          "hyprland",
          "nixpkgs"
        ],
        "systems": [
          "hyprland",
          "systems"
        ]
      },
      "locked": {
        "lastModified": 1790080407,
        "narHash": "sha256-uKM+FAvcllYFcHoh4LEmyB0CGLaT3dMOjK4dxXyIIgc=",
        "owner": "hyprwm",
        "repo": "xdg-desktop-portal-hyprland",
        "rev": "e87ae7823e7bf0601385220c69b5a3b245123fc5",
        "type": "github"
      },
      "original": {
        "owner": "hyprwm",
        "repo": "xdg-desktop-portal-hyprland",
        "type": "github"
      }
    }
  },
  "root": "root",
  "version": 7
}
