{
  "nodes": {
    "aquamarine": {
      "inputs": {
        "hyprutils": [
          "hyprland",
          "hyprutils"
        ],
        "hyprwayland-scanner": [
          "hyprland",
          "hyprwayland-scanner"
        ],
        "nixpkgs": [
          "hyprland",
          "nixpkgs"
        ],
        "systems": [
          "hyprland",
          "systems"
        ]
      },
      "locked": {
        "lastModified": 1778620495,
        "narHash": "sha256-Gu7UhWjwKCgSiVC3Qz/Rc7cYi9DNuDTBxYzg3kfLvfM=",
        "owner": "hyprwm",
        "repo": "aquamarine",
        "rev": "be35f75ac305f430f5f9d89b5f5a4af59ca7567e",
        "type": "github"
      },
      "original": {
        "owner": "hyprwm",
        "repo": "aquamarine",
        "type": "github"
      }
    },
    "audio-manager": {
      "inputs": {
        "flake-utils": [
          "flake-utils"
        ],
        "nixpkgs": [
          "nixpkgs"
        ]
      },
      "locked": {
        "lastModified": 1778786785,
        "narHash": "sha256-Eb+KJuewrtkO1VK0a8ippM6gNH2sKIq09cNmSOA2eXE=",
        "owner": "rsa17826",
        "repo": "audio-manager",
        "rev": "4030b5100bbe476c45040e51540b15efe33bf102",
        "type": "github"
      },
      "original": {
        "owner": "rsa17826",
        "repo": "audio-manager",
        "type": "github"
      }
    },
    "autocorrect": {
      "inputs": {
        "flake-utils": [
          "flake-utils"
        ],
        "nixpkgs": [
          "nixpkgs"
        ]
      },
      "locked": {
        "lastModified": 1778893630,
        "narHash": "sha256-H6EmMuXYfSeiraXbeSWTAcl6HAnKiNXB2vDBbgtk+w4=",
        "owner": "rsa17826",
        "repo": "autocorrect",
        "rev": "bd236c8b7d5a5d05d3328f994115854abeaf5d2b",
        "type": "github"
      },
      "original": {
        "owner": "rsa17826",
        "repo": "autocorrect",
        "type": "github"
      }
    },
    "browser-selector": {
      "inputs": {
        "nixpkgs": [
          "nixpkgs"
        ]
      },
      "locked": {
        "lastModified": 1777460929,
        "narHash": "sha256-dvbs4fbOuC2P0Bwy0XFRRm4WKquuta0DThh2P4om/mA=",
        "owner": "rsa17826",
        "repo": "browserSelector",
        "rev": "b8ab92757d50151a122a6e9cee41a8a48ce586ff",
        "type": "github"
      },
      "original": {
        "owner": "rsa17826",
        "repo": "browserSelector",
        "type": "github"
      }
    },
    "copyparty": {
      "inputs": {
        "flake-utils": [
          "flake-utils"
        ],
        "nixpkgs": [
          "nixpkgs"
        ]
      },
      "locked": {
        "lastModified": 1778198574,
        "narHash": "sha256-XzgYoibIH6diZoZ2GzoGeyV2xdXAwBtXdAze+Qu2kR0=",
        "owner": "9001",
        "repo": "copyparty",
        "rev": "139ef1851e5d698521a5c2078c56f951d6e54d00",
        "type": "github"
      },
      "original": {
        "owner": "9001",
        "repo": "copyparty",
        "type": "github"
      }
    },
    "ext-4-to-2-formatter": {
      "flake": false,
      "locked": {
        "lastModified": 1772760069,
        "narHash": "sha256-PHaOXLEX2D/nrhabylTB+U0R7/6eVSsrRulFYaNebtk=",
        "owner": "rsa17826",
        "repo": "4-to-2-formatter",
        "rev": "8d205d877c1c7b2747846472f161729e67c634e6",
        "type": "github"
      },
      "original": {
        "owner": "rsa17826",
        "repo": "4-to-2-formatter",
        "type": "github"
      }
    },
    "ext-auto-regex": {
      "flake": false,
      "locked": {
        "lastModified": 1777059757,
        "narHash": "sha256-/0W8if3YAE+R59T24Q91vu7LqyeSka0/nQp4J3q9NkU=",
        "owner": "rsa17826",
        "repo": "auto-regex-vscode-extension",
        "rev": "854608959a16340a3d3e95aad813624b3afa8e19",
        "type": "github"
      },
      "original": {
        "owner": "rsa17826",
        "repo": "auto-regex-vscode-extension",
        "type": "github"
      }
    },
    "ext-better-end-line-actions": {
      "flake": false,
      "locked": {
        "lastModified": 1777759127,
        "narHash": "sha256-JKmqDR1yemWI5PIbD65mgfO/xPlRt17USflRuGhSe5Q=",
        "owner": "rsa17826",
        "repo": "fixed-line-actions-vscode-extension",
        "rev": "a16f7bbb94c5b11a530611b23fdebecf64096fe8",
        "type": "github"
      },
      "original": {
        "owner": "rsa17826",
        "repo": "fixed-line-actions-vscode-extension",
        "type": "github"
      }
    },
    "ext-multi-formatter": {
      "flake": false,
      "locked": {
        "lastModified": 1775047982,
        "narHash": "sha256-1tGfHUwskxy0PsptlEYOVpRvnm4gy4riAwW52sMW4q0=",
        "owner": "rsa17826",
        "repo": "MultiFormatterVSCode",
        "rev": "bb027dfb8083a20cf6f061ae94f6c2eac30b7b11",
        "type": "github"
      },
      "original": {
        "owner": "rsa17826",
        "repo": "MultiFormatterVSCode",
        "type": "github"
      }
    },
    "ext-owoify-editor": {
      "flake": false,
      "locked": {
        "lastModified": 1777649977,
        "narHash": "sha256-s5J8zcn87e34pCxpGNauppq5Mq8HHJfBIUZO6xzXB28=",
        "owner": "rsa17826",
        "repo": "vscodeowotest",
        "rev": "0029d6a975e2f2a071259186429dee818e0f4318",
        "type": "github"
      },
      "original": {
        "owner": "rsa17826",
        "repo": "vscodeowotest",
        "type": "github"
      }
    },
    "ext-sds": {
      "flake": false,
      "locked": {
        "lastModified": 1755380432,
        "narHash": "sha256-FlrSoYriFFXo3cBqR9jGMtKp/2X6T2smBkBtjogePBA=",
        "owner": "rsa17826",
        "repo": "sds-vscode-language",
        "rev": "391123c1c13b309a2733ed9d1bae0a077391adcb",
        "type": "github"
      },
      "original": {
        "owner": "rsa17826",
        "repo": "sds-vscode-language",
        "type": "github"
      }
    },
    "ext-simple-auto-formatter": {
      "flake": false,
      "locked": {
        "lastModified": 1775391728,
        "narHash": "sha256-oBLIA7rxltcuIzJCAoMbCdPFv7hHi9/ZbMe31kmwB0Y=",
        "owner": "rsa17826",
        "repo": "simple-auto-formatter",
        "rev": "ca7580f9a70416755d9dbbd505cc25c6d6fd2d34",
        "type": "github"
      },
      "original": {
        "owner": "rsa17826",
        "repo": "simple-auto-formatter",
        "type": "github"
      }
    },
    "ext-textreplace": {
      "flake": false,
      "locked": {
        "lastModified": 1776777443,
        "narHash": "sha256-ju94PVzXZ8z/RcF0tduZfHoEHo2M/gvRTahiRSL/oyI=",
        "owner": "rsa17826",
        "repo": "textreplace-vscode-extension",
        "rev": "95ac2c0c3fd3fdcaf64c918942d8d3bd0bcdf820",
        "type": "github"
      },
      "original": {
        "owner": "rsa17826",
        "repo": "textreplace-vscode-extension",
        "type": "github"
      }
    },
    "ext-vscode-math-on-selected-nums": {
      "flake": false,
      "locked": {
        "lastModified": 1778425450,
        "narHash": "sha256-7GenzGCD01DTYP+donrjqlcCDrgbyIql09gbWL/sTQQ=",
        "owner": "rsa17826",
        "repo": "vscode-ext---math-on-selected-nums",
        "rev": "1f72ce12c17d2766a11be7e12a20f12575cfc1a1",
        "type": "github"
      },
      "original": {
        "owner": "rsa17826",
        "repo": "vscode-ext---math-on-selected-nums",
        "type": "github"
      }
    },
    "ext-vscode-void-color-theme": {
      "flake": false,
      "locked": {
        "lastModified": 1777479629,
        "narHash": "sha256-2T1J7lR+Brj1gGNNVbXAxMihqMWo032Qvr1ZfVjEzzM=",
        "owner": "rsa17826",
        "repo": "vscode-void-color-theme",
        "rev": "9278aba034776d129b978ad74e3f3df22d3947b6",
        "type": "github"
      },
      "original": {
        "owner": "rsa17826",
        "repo": "vscode-void-color-theme",
        "type": "github"
      }
    },
    "file-sorter": {
      "inputs": {
        "nixpkgs": [
          "nixpkgs"
        ]
      },
      "locked": {
        "lastModified": 1778084537,
        "narHash": "sha256-iTF2kLIpJiG1qrZkv7IkcVUfCG+Z9SyFg8/cFHUZF5M=",
        "owner": "rsa17826",
        "repo": "file-sorter",
        "rev": "a5cb7773fcb1a07697519e244845c104e511a68a",
        "type": "github"
      },
      "original": {
        "owner": "rsa17826",
        "repo": "file-sorter",
        "type": "github"
      }
    },
    "flake-compat": {
      "flake": false,
      "locked": {
        "lastModified": 1767039857,
        "narHash": "sha256-vNpUSpF5Nuw8xvDLj2KCwwksIbjua2LZCqhV1LNRDns=",
        "owner": "NixOS",
        "repo": "flake-compat",
        "rev": "5edf11c44bc78a0d334f6334cdaf7d60d732daab",
        "type": "github"
      },
      "original": {
        "owner": "NixOS",
        "repo": "flake-compat",
        "type": "github"
      }
    },
    "flake-utils": {
      "inputs": {
        "systems": "systems"
      },
      "locked": {
        "lastModified": 1731533236,
        "narHash": "sha256-l0KFg5HjrsfsO/JpG+r7fRrqm12kzFHyUHqHCVpMMbI=",
        "owner": "numtide",
        "repo": "flake-utils",
        "rev": "11707dc2f618dd54ca8739b309ec4fc024de578b",
        "type": "github"
      },
      "original": {
        "owner": "numtide",
        "repo": "flake-utils",
        "type": "github"
      }
    },
    "gitignore": {
      "inputs": {
        "nixpkgs": [
          "hyprland",
          "pre-commit-hooks",
          "nixpkgs"
        ]
      },
      "locked": {
        "lastModified": 1709087332,
        "narHash": "sha256-HG2cCnktfHsKV0s4XW83gU3F57gaTljL9KNSuG6bnQs=",
        "owner": "hercules-ci",
        "repo": "gitignore.nix",
        "rev": "637db329424fd7e46cf4185293b9cc8c88c95394",
        "type": "github"
      },
      "original": {
        "owner": "hercules-ci",
        "repo": "gitignore.nix",
        "type": "github"
      }
    },
    "go-autoclicker": {
      "inputs": {
        "flake-utils": [
          "flake-utils"
        ],
        "nixpkgs": [
          "nixpkgs"
        ]
      },
      "locked": {
        "lastModified": 1778786440,
        "narHash": "sha256-3jEX5QKxPtYh0f6EP6SJQaULpSVfbF7oY+IT5f0pZNY=",
        "owner": "rsa17826",
        "repo": "go-autoclicker",
        "rev": "c06890b8e6f0f1a6ce8c45b87689b910cf4c2302",
        "type": "github"
      },
      "original": {
        "owner": "rsa17826",
        "repo": "go-autoclicker",
        "type": "github"
      }
    },
    "home-manager": {
      "inputs": {
        "nixpkgs": [
          "nixpkgs"
        ]
      },
      "locked": {
        "lastModified": 1778858474,
        "narHash": "sha256-uOh5fCoxOgdFa50WymuhCwJKuEVv/Eo4VYjK0SgzlPs=",
        "owner": "nix-community",
        "repo": "home-manager",
        "rev": "ca77575d39c908de876c10f93704532689df546f",
        "type": "github"
      },
      "original": {
        "owner": "nix-community",
        "repo": "home-manager",
        "type": "github"
      }
    },
    "hypr-darkwindow": {
      "inputs": {
        "hyprland": [
          "hyprland"
        ],
        "nix-filter": "nix-filter"
      },
      "locked": {
        "lastModified": 1778850754,
        "narHash": "sha256-UQEPjJu4kYBzwMp8SPf+O48l3UyPDFmOjKDKh+X273I=",
        "owner": "micha4w",
        "repo": "Hypr-DarkWindow",
        "rev": "e706e8b0287d6552368b7d5b5e5f0428fd6357e1",
        "type": "github"
      },
      "original": {
        "owner": "micha4w",
        "repo": "Hypr-DarkWindow",
        "type": "github"
      }
    },
    "hyprcursor": {
      "inputs": {
        "hyprlang": [
          "hyprland",
          "hyprlang"
        ],
        "nixpkgs": [
          "hyprland",
          "nixpkgs"
        ],
        "systems": [
          "hyprland",
          "systems"
        ]
      },
      "locked": {
        "lastModified": 1776511930,
        "narHash": "sha256-fCpwFiTW0rT7oKJqr3cqHMnkwypSwQKpbtUEtxdkgrM=",
        "owner": "hyprwm",
        "repo": "hyprcursor",
        "rev": "39435900785d0c560c6ae8777d29f28617d031ef",
        "type": "github"
      },
      "original": {
        "owner": "hyprwm",
        "repo": "hyprcursor",
        "type": "github"
      }
    },
    "hyprgraphics": {
      "inputs": {
        "hyprutils": [
          "hyprland",
          "hyprutils"
        ],
        "nixpkgs": [
          "hyprland",
          "nixpkgs"
        ],
        "systems": [
          "hyprland",
          "systems"
        ]
      },
      "locked": {
        "lastModified": 1776426399,
        "narHash": "sha256-RUESLKNikIeEq9ymGJ6nmcDXiSFQpUW1IhJ245nL3xM=",
        "owner": "hyprwm",
        "repo": "hyprgraphics",
        "rev": "68d064434787cf1ed4a2fe257c03c5f52f33cf84",
        "type": "github"
      },
      "original": {
        "owner": "hyprwm",
        "repo": "hyprgraphics",
        "type": "github"
      }
    },
    "hyprland": {
      "inputs": {
        "aquamarine": "aquamarine",
        "hyprcursor": "hyprcursor",
        "hyprgraphics": "hyprgraphics",
        "hyprland-guiutils": "hyprland-guiutils",
        "hyprland-protocols": "hyprland-protocols",
        "hyprlang": "hyprlang",
        "hyprutils": "hyprutils",
        "hyprwayland-scanner": "hyprwayland-scanner",
        "hyprwire": "hyprwire",
        "nixpkgs": [
          "nixpkgs"
        ],
        "pre-commit-hooks": "pre-commit-hooks",
        "systems": "systems_2",
        "xdph": "xdph"
      },
      "locked": {
        "lastModified": 1778857722,
        "narHash": "sha256-6tI3BcQd6kTPg5jOYjIG+kelbDMHJyfPUcuRmtK+o1w=",
        "owner": "hyprwm",
        "repo": "Hyprland",
        "rev": "96de3464c472fce451f8af3f4022983157e5453c",
        "type": "github"
      },
      "original": {
        "owner": "hyprwm",
        "repo": "Hyprland",
        "type": "github"
      }
    },
    "hyprland-guiutils": {
      "inputs": {
        "aquamarine": [
          "hyprland",
          "aquamarine"
        ],
        "hyprgraphics": [
          "hyprland",
          "hyprgraphics"
        ],
        "hyprlang": [
          "hyprland",
          "hyprlang"
        ],
        "hyprtoolkit": "hyprtoolkit",
        "hyprutils": [
          "hyprland",
          "hyprutils"
        ],
        "hyprwayland-scanner": [
          "hyprland",
          "hyprwayland-scanner"
        ],
        "nixpkgs": [
          "hyprland",
          "nixpkgs"
        ],
        "systems": [
          "hyprland",
          "systems"
        ]
      },
      "locked": {
        "lastModified": 1776426575,
        "narHash": "sha256-KI6nIfVihn/DPaeB5Et46Xg3dkNHrrEtUd5LBBVomB0=",
        "owner": "hyprwm",
        "repo": "hyprland-guiutils",
        "rev": "a968d211048e3ed538e47b84cb3649299578f19d",
        "type": "github"
      },
      "original": {
        "owner": "hyprwm",
        "repo": "hyprland-guiutils",
        "type": "github"
      }
    },
    "hyprland-protocols": {
      "inputs": {
        "nixpkgs": [
          "hyprland",
          "nixpkgs"
        ],
        "systems": [
          "hyprland",
          "systems"
        ]
      },
      "locked": {
        "lastModified": 1772460177,
        "narHash": "sha256-/6G/MsPvtn7bc4Y32pserBT/Z4SUUdBd4XYJpOEKVR4=",
        "owner": "hyprwm",
        "repo": "hyprland-protocols",
        "rev": "1cb6db5fd6bb8aee419f4457402fa18293ace917",
        "type": "github"
      },
      "original": {
        "owner": "hyprwm",
        "repo": "hyprland-protocols",
        "type": "github"
      }
    },
    "hyprlang": {
      "inputs": {
        "hyprutils": [
          "hyprland",
          "hyprutils"
        ],
        "nixpkgs": [
          "hyprland",
          "nixpkgs"
        ],
        "systems": [
          "hyprland",
          "systems"
        ]
      },
      "locked": {
        "lastModified": 1777320127,
        "narHash": "sha256-Qu+Wf2Bp5qUjyn2YpZNq8a7JyzTGowhT1knrwE38a9U=",
        "owner": "hyprwm",
        "repo": "hyprlang",
        "rev": "090117506ddc3d7f26e650ff344d378c2ec329cc",
        "type": "github"
      },
      "original": {
        "owner": "hyprwm",
        "repo": "hyprlang",
        "type": "github"
      }
    },
    "hyprtoolkit": {
      "inputs": {
        "aquamarine": [
          "hyprland",
          "hyprland-guiutils",
          "aquamarine"
        ],
        "hyprgraphics": [
          "hyprland",
          "hyprland-guiutils",
          "hyprgraphics"
        ],
        "hyprlang": [
          "hyprland",
          "hyprland-guiutils",
          "hyprlang"
        ],
        "hyprutils": [
          "hyprland",
          "hyprland-guiutils",
          "hyprutils"
        ],
        "hyprwayland-scanner": [
          "hyprland",
          "hyprland-guiutils",
          "hyprwayland-scanner"
        ],
        "nixpkgs": [
          "hyprland",
          "hyprland-guiutils",
          "nixpkgs"
        ],
        "systems": [
          "hyprland",
          "hyprland-guiutils",
          "systems"
        ]
      },
      "locked": {
        "lastModified": 1772462885,
        "narHash": "sha256-5pHXrQK9zasMnIo6yME6EOXmWGFMSnCITcfKshhKJ9I=",
        "owner": "hyprwm",
        "repo": "hyprtoolkit",
        "rev": "9af245a69fa6b286b88ddfc340afd288e00a6998",
        "type": "github"
      },
      "original": {
        "owner": "hyprwm",
        "repo": "hyprtoolkit",
        "type": "github"
      }
    },
    "hyprutils": {
      "inputs": {
        "nixpkgs": [
          "hyprland",
          "nixpkgs"
        ],
        "systems": [
          "hyprland",
          "systems"
        ]
      },
      "locked": {
        "lastModified": 1778234770,
        "narHash": "sha256-jAcsogZwWMfXT9MfXxZzkwliAqIuZUV0p71h6Ba9ReE=",
        "owner": "hyprwm",
        "repo": "hyprutils",
        "rev": "a2dbd8a4cc51f7cbe4224732668392bb1aa79df2",
        "type": "github"
      },
      "original": {
        "owner": "hyprwm",
        "repo": "hyprutils",
        "type": "github"
      }
    },
    "hyprwayland-scanner": {
      "inputs": {
        "nixpkgs": [
          "hyprland",
          "nixpkgs"
        ],
        "systems": [
          "hyprland",
          "systems"
        ]
      },
      "locked": {
        "lastModified": 1777159683,
        "narHash": "sha256-Jxixw6wZphUp+nHYxOKUYSckL17QMBx2d5Zp0rJHr1g=",
        "owner": "hyprwm",
        "repo": "hyprwayland-scanner",
        "rev": "b8632713a6beaf28b56f2a7b0ab2fb7088dbb404",
        "type": "github"
      },
      "original": {
        "owner": "hyprwm",
        "repo": "hyprwayland-scanner",
        "type": "github"
      }
    },
    "hyprwire": {
      "inputs": {
        "hyprutils": [
          "hyprland",
          "hyprutils"
        ],
        "nixpkgs": [
          "hyprland",
          "nixpkgs"
        ],
        "systems": [
          "hyprland",
          "systems"
        ]
      },
      "locked": {
        "lastModified": 1778410714,
        "narHash": "sha256-o6RzFj4nJXaPRY7EM01siuCQeT41RfwwmcmFQqwFJJg=",
        "owner": "hyprwm",
        "repo": "hyprwire",
        "rev": "85148a8e612808cf5ddb25d0b3c5840f3498a7dc",
        "type": "github"
      },
      "original": {
        "owner": "hyprwm",
        "repo": "hyprwire",
        "type": "github"
      }
    },
    "input-display": {
      "inputs": {
        "flake-utils": [
          "flake-utils"
        ],
        "nixpkgs": [
          "nixpkgs"
        ]
      },
      "locked": {
        "lastModified": 1778786279,
        "narHash": "sha256-Q1AiHfAAOnxD73LbtZ3QFeFha45LXjXQLcKXoZoyAHc=",
        "owner": "rsa17826",
        "repo": "input-display",
        "rev": "ea897d5753c3274fb75894f26d4cc59529a407a5",
        "type": "github"
      },
      "original": {
        "owner": "rsa17826",
        "repo": "input-display",
        "type": "github"
      }
    },
    "input-manager": {
      "inputs": {
        "flake-utils": [
          "flake-utils"
        ],
        "nixpkgs": [
          "nixpkgs"
        ]
      },
      "locked": {
        "lastModified": 1778879356,
        "narHash": "sha256-DSst/ax7O9rO5RbaKXmARSIqBrxVp45COTnO72+raiE=",
        "owner": "rsa17826",
        "repo": "input-manager",
        "rev": "dcfba02ce6a86993f9e0f11952dd26f387bc494d",
        "type": "github"
      },
      "original": {
        "owner": "rsa17826",
        "repo": "input-manager",
        "type": "github"
      }
    },
    "luajit-src": {
      "flake": false,
      "locked": {
        "lastModified": 1763177035,
        "narHash": "sha256-oYD86MqmlJpiCuEs4LwVtxvarPtz1RPWm8nJqNE0sBs=",
        "owner": "SteamClientHomebrew",
        "repo": "LuaJIT",
        "rev": "89550023569c3e195e75e12951c067fe5591e0d2",
        "type": "github"
      },
      "original": {
        "owner": "SteamClientHomebrew",
        "ref": "v2.1",
        "repo": "LuaJIT",
        "type": "github"
      }
    },
    "millennium": {
      "inputs": {
        "luajit-src": "luajit-src",
        "millennium-src": "millennium-src",
        "nixpkgs": "nixpkgs"
      },
      "locked": {
        "dir": "packages/nix",
        "lastModified": 1778875317,
        "narHash": "sha256-zT39YrGwNCAwbVvn2ikkEofXcvYRlI/T5W+IOIGpZb0=",
        "owner": "SteamClientHomebrew",
        "repo": "Millennium",
        "rev": "65d396639b254cfe2799609a9e5deaa0a3fe5727",
        "type": "github"
      },
      "original": {
        "dir": "packages/nix",
        "owner": "SteamClientHomebrew",
        "ref": "next",
        "repo": "Millennium",
        "type": "github"
      }
    },
    "millennium-src": {
      "flake": false,
      "locked": {
        "lastModified": 1778867291,
        "narHash": "sha256-NAnUiDGX+dHSj6OgmJgTEnNHyL8WkOGxxt3T3NDoI/Q=",
        "owner": "SteamClientHomebrew",
        "repo": "Millennium",
        "rev": "233f417dd99b3ece34d15b75e7cf5fd9d4487f15",
        "type": "github"
      },
      "original": {
        "owner": "SteamClientHomebrew",
        "repo": "Millennium",
        "rev": "233f417dd99b3ece34d15b75e7cf5fd9d4487f15",
        "type": "github"
      }
    },
    "multi-game-launcher": {
      "inputs": {
        "flake-utils": [
          "flake-utils"
        ],
        "nixpkgs": [
          "nixpkgs"
        ]
      },
      "locked": {
        "lastModified": 1775390621,
        "narHash": "sha256-pXc5fJjiKbGlW2ZM2HcxfhJRygh1HSWQgZJCBgqd4ds=",
        "owner": "rsa17826",
        "repo": "multi-game-launcher",
        "rev": "58dcd7290efe51578eec5e7fad5d14e033f6dfd3",
        "type": "github"
      },
      "original": {
        "owner": "rsa17826",
        "repo": "multi-game-launcher",
        "type": "github"
      }
    },
    "nix-filter": {
      "locked": {
        "lastModified": 1757882181,
        "narHash": "sha256-+cCxYIh2UNalTz364p+QYmWHs0P+6wDhiWR4jDIKQIU=",
        "owner": "numtide",
        "repo": "nix-filter",
        "rev": "59c44d1909c72441144b93cf0f054be7fe764de5",
        "type": "github"
      },
      "original": {
        "owner": "numtide",
        "repo": "nix-filter",
        "type": "github"
      }
    },
    "nix-index-database": {
      "inputs": {
        "nixpkgs": [
          "nixpkgs"
        ]
      },
      "locked": {
        "lastModified": 1778393439,
        "narHash": "sha256-mOtQxUjtKaPHLeoLOY/YEDctmud1X9KwJr4kE1MJ3Wc=",
        "owner": "nix-community",
        "repo": "nix-index-database",
        "rev": "01466c414c7357ae2ce32be4a272a7c69e94ab5f",
        "type": "github"
      },
      "original": {
        "owner": "nix-community",
        "repo": "nix-index-database",
        "type": "github"
      }
    },
    "nixpkgs": {
      "locked": {
        "lastModified": 1770115704,
        "narHash": "sha256-KHFT9UWOF2yRPlAnSXQJh6uVcgNcWlFqqiAZ7OVlHNc=",
        "owner": "nixos",
        "repo": "nixpkgs",
        "rev": "e6eae2ee2110f3d31110d5c222cd395303343b08",
        "type": "github"
      },
      "original": {
        "owner": "nixos",
        "ref": "nixos-unstable",
        "repo": "nixpkgs",
        "type": "github"
      }
    },
    "nixpkgs_2": {
      "locked": {
        "lastModified": 1778443072,
        "narHash": "sha256-zi7/fsqM/kFdNuED//4WOCUtezGtKKqRNORjMvfwjnA=",
        "owner": "nixos",
        "repo": "nixpkgs",
        "rev": "da5ad661ba4e5ef59ba743f0d112cbc30e474f32",
        "type": "github"
      },
      "original": {
        "owner": "nixos",
        "ref": "nixos-unstable",
        "repo": "nixpkgs",
        "type": "github"
      }
    },
    "perkins": {
      "flake": false,
      "locked": {
        "lastModified": 1778709707,
        "narHash": "sha256-BPTzhtW3beS8HKXLFDUUiiSXh6fv8m74EBygV6KsxSU=",
        "owner": "Mr-Robot-err-404",
        "repo": "perkins",
        "rev": "c43d833d6bcc58d4a18436c15c0481994a0def0c",
        "type": "github"
      },
      "original": {
        "owner": "Mr-Robot-err-404",
        "repo": "perkins",
        "type": "github"
      }
    },
    "pre-commit-hooks": {
      "inputs": {
        "flake-compat": "flake-compat",
        "gitignore": "gitignore",
        "nixpkgs": [
          "hyprland",
          "nixpkgs"
        ]
      },
      "locked": {
        "lastModified": 1778507602,
        "narHash": "sha256-kTwur1wV+01SdqskVMSo6JMEpg71ps3HpbFY2GsflKs=",
        "owner": "cachix",
        "repo": "git-hooks.nix",
        "rev": "61ab0e80d9c7ab14c256b5b453d8b3fb0189ba0a",
        "type": "github"
      },
      "original": {
        "owner": "cachix",
        "repo": "git-hooks.nix",
        "type": "github"
      }
    },
    "quickshell": {
      "inputs": {
        "nixpkgs": [
          "nixpkgs"
        ]
      },
      "locked": {
        "lastModified": 1778488696,
        "narHash": "sha256-QSWgYuZUCNUJ/cxmaq83WkcT7lHQDDfsPVgH+96kIl0=",
        "ref": "refs/heads/master",
        "rev": "7d1c9a9c6721606b129829134d6f614f015621e2",
        "revCount": 818,
        "type": "git",
        "url": "https://git.outfoxxed.me/outfoxxed/quickshell"
      },
      "original": {
        "type": "git",
        "url": "https://git.outfoxxed.me/outfoxxed/quickshell"
      }
    },
    "root": {
      "inputs": {
        "audio-manager": "audio-manager",
        "autocorrect": "autocorrect",
        "browser-selector": "browser-selector",
        "copyparty": "copyparty",
        "ext-4-to-2-formatter": "ext-4-to-2-formatter",
        "ext-auto-regex": "ext-auto-regex",
        "ext-better-end-line-actions": "ext-better-end-line-actions",
        "ext-multi-formatter": "ext-multi-formatter",
        "ext-owoify-editor": "ext-owoify-editor",
        "ext-sds": "ext-sds",
        "ext-simple-auto-formatter": "ext-simple-auto-formatter",
        "ext-textreplace": "ext-textreplace",
        "ext-vscode-math-on-selected-nums": "ext-vscode-math-on-selected-nums",
        "ext-vscode-void-color-theme": "ext-vscode-void-color-theme",
        "file-sorter": "file-sorter",
        "flake-utils": "flake-utils",
        "go-autoclicker": "go-autoclicker",
        "home-manager": "home-manager",
        "hypr-darkwindow": "hypr-darkwindow",
        "hyprland": "hyprland",
        "input-display": "input-display",
        "input-manager": "input-manager",
        "millennium": "millennium",
        "multi-game-launcher": "multi-game-launcher",
        "nix-index-database": "nix-index-database",
        "nixpkgs": "nixpkgs_2",
        "perkins": "perkins",
        "quickshell": "quickshell",
        "sops-nix": "sops-nix",
        "wayland-keepass-autotype": "wayland-keepass-autotype"
      }
    },
    "sops-nix": {
      "inputs": {
        "nixpkgs": [
          "nixpkgs"
        ]
      },
      "locked": {
        "lastModified": 1777944972,
        "narHash": "sha256-VfGRo1qTBKOe3s2gOv8LSoA6Fk19PvBlwQ1ECN0Evn8=",
        "owner": "Mic92",
        "repo": "sops-nix",
        "rev": "c591bf665727040c6cc5cb409079acb22dcce33c",
        "type": "github"
      },
      "original": {
        "owner": "Mic92",
        "repo": "sops-nix",
        "type": "github"
      }
    },
    "systems": {
      "locked": {
        "lastModified": 1681028828,
        "narHash": "sha256-Vy1rq5AaRuLzOxct8nz4T6wlgyUR7zLU309k9mBC768=",
        "owner": "nix-systems",
        "repo": "default",
        "rev": "da67096a3b9bf56a91d16901293e51ba5b49a27e",
        "type": "github"
      },
      "original": {
        "owner": "nix-systems",
        "repo": "default",
        "type": "github"
      }
    },
    "systems_2": {
      "locked": {
        "lastModified": 1689347949,
        "narHash": "sha256-12tWmuL2zgBgZkdoB6qXZsgJEH9LR3oUgpaQq2RbI80=",
        "owner": "nix-systems",
        "repo": "default-linux",
        "rev": "31732fcf5e8fea42e59c2488ad31a0e651500f68",
        "type": "github"
      },
      "original": {
        "owner": "nix-systems",
        "repo": "default-linux",
        "type": "github"
      }
    },
    "wayland-keepass-autotype": {
      "inputs": {
        "flake-utils": [
          "flake-utils"
        ],
        "nixpkgs": [
          "nixpkgs"
        ]
      },
      "locked": {
        "lastModified": 1778802298,
        "narHash": "sha256-4jdJqE6kxEab4jp/0LWSHD8lUPXTjZ1L0N0X2UVJDgU=",
        "owner": "rsa17826",
        "repo": "wayland-keepass-autotype",
        "rev": "71f5c000dcc8686677f64f0c55cdc1b1e8773243",
        "type": "github"
      },
      "original": {
        "owner": "rsa17826",
        "repo": "wayland-keepass-autotype",
        "type": "github"
      }
    },
    "xdph": {
      "inputs": {
        "hyprland-protocols": [
          "hyprland",
          "hyprland-protocols"
        ],
        "hyprlang": [
          "hyprland",
          "hyprlang"
        ],
        "hyprutils": [
          "hyprland",
          "hyprutils"
        ],
        "hyprwayland-scanner": [
          "hyprland",
          "hyprwayland-scanner"
        ],
        "nixpkgs": [
          "hyprland",
          "nixpkgs"
        ],
        "systems": [
          "hyprland",
          "systems"
        ]
      },
      "locked": {
        "lastModified": 1778265244,
        "narHash": "sha256-8jlPtGSsv/CQY6tVVyLF4Jjd0gnS+Zbn9yk/V13A9nM=",
        "owner": "hyprwm",
        "repo": "xdg-desktop-portal-hyprland",
        "rev": "813ea5ca9a1702a9a2d1f5836bc00172ef698968",
        "type": "github"
      },
      "original": {
        "owner": "hyprwm",
        "repo": "xdg-desktop-portal-hyprland",
        "type": "github"
      }
    }
  },
  "root": "root",
  "version": 7
}
